
Microsoft Visual Studio Solution File, Format Version 12.00
# Visual Studio 15
VisualStudioVersion = 15.0.26124.0
MinimumVisualStudioVersion = 15.0.26124.0
Project("{FAE04EC0-301F-11D3-BF4B-00C04F79EFBC}") = "Domain", "Domain\Domain.csproj", "{8754DA0D-C088-4C40-BDB8-FBEDBA2A2869}"
EndProject
Project("{FAE04EC0-301F-11D3-BF4B-00C04F79EFBC}") = "WebApi", "WebApi\WebApi.csproj", "{12F906E9-8E29-4253-9A0A-D7CCC4B6D1EF}"
EndProject
Project("{FAE04EC0-301F-11D3-BF4B-00C04F79EFBC}") = "Application", "Application\Application.csproj", "{F0904717-1C61-40DE-8122-0268F22D566C}"
EndProject
Project("{FAE04EC0-301F-11D3-BF4B-00C04F79EFBC}") = "Persistence", "Persistence\Persistence.csproj", "{6C785F90-0C92-4894-A723-CEEEA7FC614D}"
EndProject
Global
	GlobalSection(SolutionConfigurationPlatforms) = preSolution
		Debug|Any CPU = Debug|Any CPU
		Debug|x64 = Debug|x64
		Debug|x86 = Debug|x86
		Release|Any CPU = Release|Any CPU
		Release|x64 = Release|x64
		Release|x86 = Release|x86
	EndGlobalSection
	GlobalSection(SolutionProperties) = preSolution
		HideSolutionNode = FALSE
	EndGlobalSection
	GlobalSection(ProjectConfigurationPlatforms) = postSolution
		{8754DA0D-C088-4C40-BDB8-FBEDBA2A2869}.Debug|Any CPU.ActiveCfg = Debug|Any CPU
		{8754DA0D-C088-4C40-BDB8-FBEDBA2A2869}.Debug|Any CPU.Build.0 = Debug|Any CPU
		{8754DA0D-C088-4C40-BDB8-FBEDBA2A2869}.Debug|x64.ActiveCfg = Debug|Any CPU
		{8754DA0D-C088-4C40-BDB8-FBEDBA2A2869}.Debug|x64.Build.0 = Debug|Any CPU
		{8754DA0D-C088-4C40-BDB8-FBEDBA2A2869}.Debug|x86.ActiveCfg = Debug|Any CPU
		{8754DA0D-C088-4C40-BDB8-FBEDBA2A2869}.Debug|x86.Build.0 = Debug|Any CPU
		{8754DA0D-C088-4C40-BDB8-FBEDBA2A2869}.Release|Any CPU.ActiveCfg = Release|Any CPU
		{8754DA0D-C088-4C40-BDB8-FBEDBA2A2869}.Release|Any CPU.Build.0 = Release|Any CPU
		{8754DA0D-C088-4C40-BDB8-FBEDBA2A2869}.Release|x64.ActiveCfg = Release|Any CPU
		{8754DA0D-C088-4C40-BDB8-FBEDBA2A2869}.Release|x64.Build.0 = Release|Any CPU
		{8754DA0D-C088-4C40-BDB8-FBEDBA2A2869}.Release|x86.ActiveCfg = Release|Any CPU
		{8754DA0D-C088-4C40-BDB8-FBEDBA2A2869}.Release|x86.Build.0 = Release|Any CPU
		{12F906E9-8E29-4253-9A0A-D7CCC4B6D1EF}.Debug|Any CPU.ActiveCfg = Debug|Any CPU
		{12F906E9-8E29-4253-9A0A-D7CCC4B6D1EF}.Debug|Any CPU.Build.0 = Debug|Any CPU
		{12F906E9-8E29-4253-9A0A-D7CCC4B6D1EF}.Debug|x64.ActiveCfg = Debug|Any CPU
		{12F906E9-8E29-4253-9A0A-D7CCC4B6D1EF}.Debug|x64.Build.0 = Debug|Any CPU
		{12F906E9-8E29-4253-9A0A-D7CCC4B6D1EF}.Debug|x86.ActiveCfg = Debug|Any CPU
		{12F906E9-8E29-4253-9A0A-D7CCC4B6D1EF}.Debug|x86.Build.0 = Debug|Any CPU
		{12F906E9-8E29-4253-9A0A-D7CCC4B6D1EF}.Release|Any CPU.ActiveCfg = Release|Any CPU
		{12F906E9-8E29-4253-9A0A-D7CCC4B6D1EF}.Release|Any CPU.Build.0 = Release|Any CPU
		{12F906E9-8E29-4253-9A0A-D7CCC4B6D1EF}.Release|x64.ActiveCfg = Release|Any CPU
		{12F906E9-8E29-4253-9A0A-D7CCC4B6D1EF}.Release|x64.Build.0 = Release|Any CPU
		{12F906E9-8E29-4253-9A0A-D7CCC4B6D1EF}.Release|x86.ActiveCfg = Release|Any CPU
		{12F906E9-8E29-4253-9A0A-D7CCC4B6D1EF}.Release|x86.Build.0 = Release|Any CPU
		{F0904717-1C61-40DE-8122-0268F22D566C}.Debug|Any CPU.ActiveCfg = Debug|Any CPU
		{F0904717-1C61-40DE-8122-0268F22D566C}.Debug|Any CPU.Build.0 = Debug|Any CPU
		{F0904717-1C61-40DE-8122-0268F22D566C}.Debug|x64.ActiveCfg = Debug|Any CPU
		{F0904717-1C61-40DE-8122-0268F22D566C}.Debug|x64.Build.0 = Debug|Any CPU
		{F0904717-1C61-40DE-8122-0268F22D566C}.Debug|x86.ActiveCfg = Debug|Any CPU
		{F0904717-1C61-40DE-8122-0268F22D566C}.Debug|x86.Build.0 = Debug|Any CPU
		{F0904717-1C61-40DE-8122-0268F22D566C}.Release|Any CPU.ActiveCfg = Release|Any CPU
		{F0904717-1C61-40DE-8122-0268F22D566C}.Release|Any CPU.Build.0 = Release|Any CPU
		{F0904717-1C61-40DE-8122-0268F22D566C}.Release|x64.ActiveCfg = Release|Any CPU
		{F0904717-1C61-40DE-8122-0268F22D566C}.Release|x64.Build.0 = Release|Any CPU
		{F0904717-1C61-40DE-8122-0268F22D566C}.Release|x86.ActiveCfg = Release|Any CPU
		{F0904717-1C61-40DE-8122-0268F22D566C}.Release|x86.Build.0 = Release|Any CPU
		{6C785F90-0C92-4894-A723-CEEEA7FC614D}.Debug|Any CPU.ActiveCfg = Debug|Any CPU
		{6C785F90-0C92-4894-A723-CEEEA7FC614D}.Debug|Any CPU.Build.0 = Debug|Any CPU
		{6C785F90-0C92-4894-A723-CEEEA7FC614D}.Debug|x64.ActiveCfg = Debug|Any CPU
		{6C785F90-0C92-4894-A723-CEEEA7FC614D}.Debug|x64.Build.0 = Debug|Any CPU
		{6C785F90-0C92-4894-A723-CEEEA7FC614D}.Debug|x86.ActiveCfg = Debug|Any CPU
		{6C785F90-0C92-4894-A723-CEEEA7FC614D}.Debug|x86.Build.0 = Debug|Any CPU
		{6C785F90-0C92-4894-A723-CEEEA7FC614D}.Release|Any CPU.ActiveCfg = Release|Any CPU
		{6C785F90-0C92-4894-A723-CEEEA7FC614D}.Release|Any CPU.Build.0 = Release|Any CPU
		{6C785F90-0C92-4894-A723-CEEEA7FC614D}.Release|x64.ActiveCfg = Release|Any CPU
		{6C785F90-0C92-4894-A723-CEEEA7FC614D}.Release|x64.Build.0 = Release|Any CPU
		{6C785F90-0C92-4894-A723-CEEEA7FC614D}.Release|x86.ActiveCfg = Release|Any CPU
		{6C785F90-0C92-4894-A723-CEEEA7FC614D}.Release|x86.Build.0 = Release|Any CPU
	EndGlobalSection
EndGlobal
